// !$*UTF8*$!
{
	archiveVersion = 1;
	classes = {
	};
	objectVersion = 50;
	objects = {

/* Begin PBXBuildFile section */
		7CA21E9A2200584600FE3CF1 /* AppDelegate.swift in Sources */ = {isa = PBXBuildFile; fileRef = 7CA21E992200584600FE3CF1 /* AppDelegate.swift */; };
		7CA21E9F2200584600FE3CF1 /* Main.storyboard in Resources */ = {isa = PBXBuildFile; fileRef = 7CA21E9D2200584600FE3CF1 /* Main.storyboard */; };
		7CA21EA12200584700FE3CF1 /* Assets.xcassets in Resources */ = {isa = PBXBuildFile; fileRef = 7CA21EA02200584700FE3CF1 /* Assets.xcassets */; };
		7CA21EA42200584700FE3CF1 /* LaunchScreen.storyboard in Resources */ = {isa = PBXBuildFile; fileRef = 7CA21EA22200584700FE3CF1 /* LaunchScreen.storyboard */; };
		7CA21EAD2200646600FE3CF1 /* ApiManager.swift in Sources */ = {isa = PBXBuildFile; fileRef = 7CA21EAC2200646600FE3CF1 /* ApiManager.swift */; };
		7CA21EB32200688700FE3CF1 /* DBManager.swift in Sources */ = {isa = PBXBuildFile; fileRef = 7CA21EB22200688700FE3CF1 /* DBManager.swift */; };
		7CA21EB722006B5E00FE3CF1 /* Word.swift in Sources */ = {isa = PBXBuildFile; fileRef = 7CA21EB622006B5E00FE3CF1 /* Word.swift */; };
		7CAE0D12225E7074006A9BFF /* Extension+UIColor.swift in Sources */ = {isa = PBXBuildFile; fileRef = 7CAE0D11225E7074006A9BFF /* Extension+UIColor.swift */; };
		7CAE0D14225E70B5006A9BFF /* AlertManager.swift in Sources */ = {isa = PBXBuildFile; fileRef = 7CAE0D13225E70B5006A9BFF /* AlertManager.swift */; };
		7CAE0D16225E7689006A9BFF /* WordMappable.swift in Sources */ = {isa = PBXBuildFile; fileRef = 7CAE0D15225E7689006A9BFF /* WordMappable.swift */; };
		7CAE0D19225E778B006A9BFF /* WordsViewController.swift in Sources */ = {isa = PBXBuildFile; fileRef = 7CAE0D18225E778B006A9BFF /* WordsViewController.swift */; };
		7CAE0D1D225E7819006A9BFF /* NewWordViewController.swift in Sources */ = {isa = PBXBuildFile; fileRef = 7CAE0D1C225E7819006A9BFF /* NewWordViewController.swift */; };
		7CAE0D1F225E782C006A9BFF /* DefinitionsViewController.swift in Sources */ = {isa = PBXBuildFile; fileRef = 7CAE0D1E225E782C006A9BFF /* DefinitionsViewController.swift */; };
		7CAE0D24225E798D006A9BFF /* Extension+NSObject.swift in Sources */ = {isa = PBXBuildFile; fileRef = 7CAE0D23225E798D006A9BFF /* Extension+NSObject.swift */; };
		7CC10DB72201B21D008AB33E /* CustomTableViewCell.swift in Sources */ = {isa = PBXBuildFile; fileRef = 7CC10DB52201B21D008AB33E /* CustomTableViewCell.swift */; };
		7CC10DB82201B21D008AB33E /* CustomTableViewCell.xib in Resources */ = {isa = PBXBuildFile; fileRef = 7CC10DB62201B21D008AB33E /* CustomTableViewCell.xib */; };
		7CE964542260B65700056C70 /* WordsPresenter.swift in Sources */ = {isa = PBXBuildFile; fileRef = 7CE964532260B65700056C70 /* WordsPresenter.swift */; };
		AAD4C0E17E940FEAE5DA5B80 /* Pods_MyDictionary.framework in Frameworks */ = {isa = PBXBuildFile; fileRef = 547986AE13187A6FB506C99B /* Pods_MyDictionary.framework */; };
/* End PBXBuildFile section */

/* Begin PBXFileReference section */
		227A735CFCC743FB2C56817D /* Pods-MyDictionary.release.xcconfig */ = {isa = PBXFileReference; includeInIndex = 1; lastKnownFileType = text.xcconfig; name = "Pods-MyDictionary.release.xcconfig"; path = "Pods/Target Support Files/Pods-MyDictionary/Pods-MyDictionary.release.xcconfig"; sourceTree = "<group>"; };
		3DF8EE2D8379D42E9A28D91F /* Pods-MyDictionary.debug.xcconfig */ = {isa = PBXFileReference; includeInIndex = 1; lastKnownFileType = text.xcconfig; name = "Pods-MyDictionary.debug.xcconfig"; path = "Pods/Target Support Files/Pods-MyDictionary/Pods-MyDictionary.debug.xcconfig"; sourceTree = "<group>"; };
		547986AE13187A6FB506C99B /* Pods_MyDictionary.framework */ = {isa = PBXFileReference; explicitFileType = wrapper.framework; includeInIndex = 0; path = Pods_MyDictionary.framework; sourceTree = BUILT_PRODUCTS_DIR; };
		7CA21E962200584600FE3CF1 /* MyDictionary.app */ = {isa = PBXFileReference; explicitFileType = wrapper.application; includeInIndex = 0; path = MyDictionary.app; sourceTree = BUILT_PRODUCTS_DIR; };
		7CA21E992200584600FE3CF1 /* AppDelegate.swift */ = {isa = PBXFileReference; lastKnownFileType = sourcecode.swift; path = AppDelegate.swift; sourceTree = "<group>"; };
		7CA21E9E2200584600FE3CF1 /* Base */ = {isa = PBXFileReference; lastKnownFileType = file.storyboard; name = Base; path = Base.lproj/Main.storyboard; sourceTree = "<group>"; };
		7CA21EA02200584700FE3CF1 /* Assets.xcassets */ = {isa = PBXFileReference; lastKnownFileType = folder.assetcatalog; path = Assets.xcassets; sourceTree = "<group>"; };
		7CA21EA32200584700FE3CF1 /* Base */ = {isa = PBXFileReference; lastKnownFileType = file.storyboard; name = Base; path = Base.lproj/LaunchScreen.storyboard; sourceTree = "<group>"; };
		7CA21EA52200584700FE3CF1 /* Info.plist */ = {isa = PBXFileReference; lastKnownFileType = text.plist.xml; path = Info.plist; sourceTree = "<group>"; };
		7CA21EAC2200646600FE3CF1 /* ApiManager.swift */ = {isa = PBXFileReference; lastKnownFileType = sourcecode.swift; path = ApiManager.swift; sourceTree = "<group>"; };
		7CA21EB22200688700FE3CF1 /* DBManager.swift */ = {isa = PBXFileReference; lastKnownFileType = sourcecode.swift; path = DBManager.swift; sourceTree = "<group>"; };
		7CA21EB622006B5E00FE3CF1 /* Word.swift */ = {isa = PBXFileReference; lastKnownFileType = sourcecode.swift; path = Word.swift; sourceTree = "<group>"; };
		7CAE0D11225E7074006A9BFF /* Extension+UIColor.swift */ = {isa = PBXFileReference; lastKnownFileType = sourcecode.swift; path = "Extension+UIColor.swift"; sourceTree = "<group>"; };
		7CAE0D13225E70B5006A9BFF /* AlertManager.swift */ = {isa = PBXFileReference; lastKnownFileType = sourcecode.swift; path = AlertManager.swift; sourceTree = "<group>"; };
		7CAE0D15225E7689006A9BFF /* WordMappable.swift */ = {isa = PBXFileReference; lastKnownFileType = sourcecode.swift; path = WordMappable.swift; sourceTree = "<group>"; };
		7CAE0D18225E778B006A9BFF /* WordsViewController.swift */ = {isa = PBXFileReference; lastKnownFileType = sourcecode.swift; path = WordsViewController.swift; sourceTree = "<group>"; };
		7CAE0D1C225E7819006A9BFF /* NewWordViewController.swift */ = {isa = PBXFileReference; lastKnownFileType = sourcecode.swift; path = NewWordViewController.swift; sourceTree = "<group>"; };
		7CAE0D1E225E782C006A9BFF /* DefinitionsViewController.swift */ = {isa = PBXFileReference; lastKnownFileType = sourcecode.swift; path = DefinitionsViewController.swift; sourceTree = "<group>"; };
		7CAE0D23225E798D006A9BFF /* Extension+NSObject.swift */ = {isa = PBXFileReference; lastKnownFileType = sourcecode.swift; path = "Extension+NSObject.swift"; sourceTree = "<group>"; };
		7CC10DB52201B21D008AB33E /* CustomTableViewCell.swift */ = {isa = PBXFileReference; lastKnownFileType = sourcecode.swift; path = CustomTableViewCell.swift; sourceTree = "<group>"; };
		7CC10DB62201B21D008AB33E /* CustomTableViewCell.xib */ = {isa = PBXFileReference; lastKnownFileType = file.xib; path = CustomTableViewCell.xib; sourceTree = "<group>"; };
		7CE964532260B65700056C70 /* WordsPresenter.swift */ = {isa = PBXFileReference; lastKnownFileType = sourcecode.swift; path = WordsPresenter.swift; sourceTree = "<group>"; };
/* End PBXFileReference section */

/* Begin PBXFrameworksBuildPhase section */
		7CA21E932200584600FE3CF1 /* Frameworks */ = {
			isa = PBXFrameworksBuildPhase;
			buildActionMask = 2147483647;
			files = (
				AAD4C0E17E940FEAE5DA5B80 /* Pods_MyDictionary.framework in Frameworks */,
			);
			runOnlyForDeploymentPostprocessing = 0;
		};
/* End PBXFrameworksBuildPhase section */

/* Begin PBXGroup section */
		7CA142D72255F6B20059631F /* UI */ = {
			isa = PBXGroup;
			children = (
				7CAE0D17225E7771006A9BFF /* Words */,
				7CAE0D1A225E77C9006A9BFF /* New Word */,
				7CAE0D1B225E77DC006A9BFF /* Definitions */,
			);
			path = UI;
			sourceTree = "<group>";
		};
		7CA21E8D2200584600FE3CF1 = {
			isa = PBXGroup;
			children = (
				7CA21E982200584600FE3CF1 /* MyDictionary */,
				7CA21E972200584600FE3CF1 /* Products */,
				E7E446BA05AFE74419B81CBB /* Pods */,
				AFE5D6B46E69A44995F90519 /* Frameworks */,
			);
			sourceTree = "<group>";
		};
		7CA21E972200584600FE3CF1 /* Products */ = {
			isa = PBXGroup;
			children = (
				7CA21E962200584600FE3CF1 /* MyDictionary.app */,
			);
			name = Products;
			sourceTree = "<group>";
		};
		7CA21E982200584600FE3CF1 /* MyDictionary */ = {
			isa = PBXGroup;
			children = (
				7CA142D72255F6B20059631F /* UI */,
				7CA21EAE2200668D00FE3CF1 /* Managers */,
				7CA21EB522006B3100FE3CF1 /* Models */,
				7CA21EA02200584700FE3CF1 /* Assets.xcassets */,
				7CC10DB22201AC0A008AB33E /* Helper */,
				7CA21EAB220059A800FE3CF1 /* Storyboards */,
				7CA21EA52200584700FE3CF1 /* Info.plist */,
				7CA21E992200584600FE3CF1 /* AppDelegate.swift */,
			);
			path = MyDictionary;
			sourceTree = "<group>";
		};
		7CA21EAB220059A800FE3CF1 /* Storyboards */ = {
			isa = PBXGroup;
			children = (
				7CA21E9D2200584600FE3CF1 /* Main.storyboard */,
				7CA21EA22200584700FE3CF1 /* LaunchScreen.storyboard */,
			);
			name = Storyboards;
			sourceTree = "<group>";
		};
		7CA21EAE2200668D00FE3CF1 /* Managers */ = {
			isa = PBXGroup;
			children = (
				7CA21EAC2200646600FE3CF1 /* ApiManager.swift */,
				7CA21EB22200688700FE3CF1 /* DBManager.swift */,
				7CAE0D13225E70B5006A9BFF /* AlertManager.swift */,
			);
			path = Managers;
			sourceTree = "<group>";
		};
		7CA21EB522006B3100FE3CF1 /* Models */ = {
			isa = PBXGroup;
			children = (
				7CA21EB622006B5E00FE3CF1 /* Word.swift */,
				7CAE0D15225E7689006A9BFF /* WordMappable.swift */,
			);
			path = Models;
			sourceTree = "<group>";
		};
		7CAE0D17225E7771006A9BFF /* Words */ = {
			isa = PBXGroup;
			children = (
				7CAE0D18225E778B006A9BFF /* WordsViewController.swift */,
				7CE964532260B65700056C70 /* WordsPresenter.swift */,
			);
			path = Words;
			sourceTree = "<group>";
		};
		7CAE0D1A225E77C9006A9BFF /* New Word */ = {
			isa = PBXGroup;
			children = (
				7CAE0D1C225E7819006A9BFF /* NewWordViewController.swift */,
			);
			path = "New Word";
			sourceTree = "<group>";
		};
		7CAE0D1B225E77DC006A9BFF /* Definitions */ = {
			isa = PBXGroup;
			children = (
				7CAE0D1E225E782C006A9BFF /* DefinitionsViewController.swift */,
				7CAE0D20225E7842006A9BFF /* Custom Cell */,
			);
			path = Definitions;
			sourceTree = "<group>";
		};
		7CAE0D20225E7842006A9BFF /* Custom Cell */ = {
			isa = PBXGroup;
			children = (
				7CC10DB52201B21D008AB33E /* CustomTableViewCell.swift */,
				7CC10DB62201B21D008AB33E /* CustomTableViewCell.xib */,
			);
			path = "Custom Cell";
			sourceTree = "<group>";
		};
		7CC10DB22201AC0A008AB33E /* Helper */ = {
			isa = PBXGroup;
			children = (
				7CAE0D11225E7074006A9BFF /* Extension+UIColor.swift */,
				7CAE0D23225E798D006A9BFF /* Extension+NSObject.swift */,
			);
			path = Helper;
			sourceTree = "<group>";
		};
		AFE5D6B46E69A44995F90519 /* Frameworks */ = {
			isa = PBXGroup;
			children = (
				547986AE13187A6FB506C99B /* Pods_MyDictionary.framework */,
			);
			name = Frameworks;
			sourceTree = "<group>";
		};
		E7E446BA05AFE74419B81CBB /* Pods */ = {
			isa = PBXGroup;
			children = (
				3DF8EE2D8379D42E9A28D91F /* Pods-MyDictionary.debug.xcconfig */,
				227A735CFCC743FB2C56817D /* Pods-MyDictionary.release.xcconfig */,
			);
			name = Pods;
			sourceTree = "<group>";
		};
/* End PBXGroup section */

/* Begin PBXNativeTarget section */
		7CA21E952200584600FE3CF1 /* MyDictionary */ = {
			isa = PBXNativeTarget;
			buildConfigurationList = 7CA21EA82200584700FE3CF1 /* Build configuration list for PBXNativeTarget "MyDictionary" */;
			buildPhases = (
				A41FE73850E558B8614CF121 /* [CP] Check Pods Manifest.lock */,
				7CA21E922200584600FE3CF1 /* Sources */,
				7CA21E932200584600FE3CF1 /* Frameworks */,
				7CA21E942200584600FE3CF1 /* Resources */,
				F832CDD625D69EEA8879A32B /* [CP] Embed Pods Frameworks */,
				7CA21EBE2200C44600FE3CF1 /* ShellScript */,
			);
			buildRules = (
			);
			dependencies = (
			);
			name = MyDictionary;
			productName = MyDictionary;
			productReference = 7CA21E962200584600FE3CF1 /* MyDictionary.app */;
			productType = "com.apple.product-type.application";
		};
/* End PBXNativeTarget section */

/* Begin PBXProject section */
		7CA21E8E2200584600FE3CF1 /* Project object */ = {
			isa = PBXProject;
			attributes = {
				LastSwiftUpdateCheck = 1010;
				LastUpgradeCheck = 1010;
				ORGANIZATIONNAME = Kirill;
				TargetAttributes = {
					7CA21E952200584600FE3CF1 = {
						CreatedOnToolsVersion = 10.1;
						LastSwiftMigration = 1020;
					};
				};
			};
			buildConfigurationList = 7CA21E912200584600FE3CF1 /* Build configuration list for PBXProject "MyDictionary" */;
			compatibilityVersion = "Xcode 9.3";
			developmentRegion = en;
			hasScannedForEncodings = 0;
			knownRegions = (
				en,
				Base,
			);
			mainGroup = 7CA21E8D2200584600FE3CF1;
			productRefGroup = 7CA21E972200584600FE3CF1 /* Products */;
			projectDirPath = "";
			projectRoot = "";
			targets = (
				7CA21E952200584600FE3CF1 /* MyDictionary */,
			);
		};
/* End PBXProject section */

/* Begin PBXResourcesBuildPhase section */
		7CA21E942200584600FE3CF1 /* Resources */ = {
			isa = PBXResourcesBuildPhase;
			buildActionMask = 2147483647;
			files = (
				7CA21EA42200584700FE3CF1 /* LaunchScreen.storyboard in Resources */,
				7CA21EA12200584700FE3CF1 /* Assets.xcassets in Resources */,
				7CC10DB82201B21D008AB33E /* CustomTableViewCell.xib in Resources */,
				7CA21E9F2200584600FE3CF1 /* Main.storyboard in Resources */,
			);
			runOnlyForDeploymentPostprocessing = 0;
		};
/* End PBXResourcesBuildPhase section */

/* Begin PBXShellScriptBuildPhase section */
		7CA21EBE2200C44600FE3CF1 /* ShellScript */ = {
			isa = PBXShellScriptBuildPhase;
			buildActionMask = 2147483647;
			files = (
			);
			inputFileListPaths = (
			);
			inputPaths = (
			);
			outputFileListPaths = (
			);
			outputPaths = (
			);
			runOnlyForDeploymentPostprocessing = 0;
			shellPath = /bin/sh;
			shellScript = "\"${PODS_ROOT}/SwiftLint/swiftlint\"\n";
		};
		A41FE73850E558B8614CF121 /* [CP] Check Pods Manifest.lock */ = {
			isa = PBXShellScriptBuildPhase;
			buildActionMask = 2147483647;
			files = (
			);
			inputFileListPaths = (
			);
			inputPaths = (
				"${PODS_PODFILE_DIR_PATH}/Podfile.lock",
				"${PODS_ROOT}/Manifest.lock",
			);
			name = "[CP] Check Pods Manifest.lock";
			outputFileListPaths = (
			);
			outputPaths = (
				"$(DERIVED_FILE_DIR)/Pods-MyDictionary-checkManifestLockResult.txt",
			);
			runOnlyForDeploymentPostprocessing = 0;
			shellPath = /bin/sh;
			shellScript = "diff \"${PODS_PODFILE_DIR_PATH}/Podfile.lock\" \"${PODS_ROOT}/Manifest.lock\" > /dev/null\nif [ $? != 0 ] ; then\n    # print error to STDERR\n    echo \"error: The sandbox is not in sync with the Podfile.lock. Run 'pod install' or update your CocoaPods installation.\" >&2\n    exit 1\nfi\n# This output is used by Xcode 'outputs' to avoid re-running this script phase.\necho \"SUCCESS\" > \"${SCRIPT_OUTPUT_FILE_0}\"\n";
			showEnvVarsInLog = 0;
		};
		F832CDD625D69EEA8879A32B /* [CP] Embed Pods Frameworks */ = {
			isa = PBXShellScriptBuildPhase;
			buildActionMask = 2147483647;
			files = (
			);
			inputFileListPaths = (
			);
			inputPaths = (
				"${PODS_ROOT}/Target Support Files/Pods-MyDictionary/Pods-MyDictionary-frameworks.sh",
				"${BUILT_PRODUCTS_DIR}/Alamofire/Alamofire.framework",
				"${BUILT_PRODUCTS_DIR}/ObjectMapper/ObjectMapper.framework",
				"${BUILT_PRODUCTS_DIR}/Realm/Realm.framework",
				"${BUILT_PRODUCTS_DIR}/RealmSwift/RealmSwift.framework",
			);
			name = "[CP] Embed Pods Frameworks";
			outputFileListPaths = (
			);
			outputPaths = (
				"${TARGET_BUILD_DIR}/${FRAMEWORKS_FOLDER_PATH}/Alamofire.framework",
				"${TARGET_BUILD_DIR}/${FRAMEWORKS_FOLDER_PATH}/ObjectMapper.framework",
				"${TARGET_BUILD_DIR}/${FRAMEWORKS_FOLDER_PATH}/Realm.framework",
				"${TARGET_BUILD_DIR}/${FRAMEWORKS_FOLDER_PATH}/RealmSwift.framework",
			);
			runOnlyForDeploymentPostprocessing = 0;
			shellPath = /bin/sh;
			shellScript = "\"${PODS_ROOT}/Target Support Files/Pods-MyDictionary/Pods-MyDictionary-frameworks.sh\"\n";
			showEnvVarsInLog = 0;
		};
/* End PBXShellScriptBuildPhase section */

/* Begin PBXSourcesBuildPhase section */
		7CA21E922200584600FE3CF1 /* Sources */ = {
			isa = PBXSourcesBuildPhase;
			buildActionMask = 2147483647;
			files = (
				7CAE0D1F225E782C006A9BFF /* DefinitionsViewController.swift in Sources */,
				7CAE0D14225E70B5006A9BFF /* AlertManager.swift in Sources */,
				7CAE0D12225E7074006A9BFF /* Extension+UIColor.swift in Sources */,
				7CE964542260B65700056C70 /* WordsPresenter.swift in Sources */,
				7CA21E9A2200584600FE3CF1 /* AppDelegate.swift in Sources */,
				7CA21EB722006B5E00FE3CF1 /* Word.swift in Sources */,
				7CAE0D1D225E7819006A9BFF /* NewWordViewController.swift in Sources */,
				7CAE0D19225E778B006A9BFF /* WordsViewController.swift in Sources */,
				7CC10DB72201B21D008AB33E /* CustomTableViewCell.swift in Sources */,
				7CAE0D16225E7689006A9BFF /* WordMappable.swift in Sources */,
				7CAE0D24225E798D006A9BFF /* Extension+NSObject.swift in Sources */,
				7CA21EAD2200646600FE3CF1 /* ApiManager.swift in Sources */,
				7CA21EB32200688700FE3CF1 /* DBManager.swift in Sources */,
			);
			runOnlyForDeploymentPostprocessing = 0;
		};
/* End PBXSourcesBuildPhase section */

/* Begin PBXVariantGroup section */
		7CA21E9D2200584600FE3CF1 /* Main.storyboard */ = {
			isa = PBXVariantGroup;
			children = (
				7CA21E9E2200584600FE3CF1 /* Base */,
			);
			name = Main.storyboard;
			sourceTree = "<group>";
		};
		7CA21EA22200584700FE3CF1 /* LaunchScreen.storyboard */ = {
			isa = PBXVariantGroup;
			children = (
				7CA21EA32200584700FE3CF1 /* Base */,
			);
			name = LaunchScreen.storyboard;
			sourceTree = "<group>";
		};
/* End PBXVariantGroup section */

/* Begin XCBuildConfiguration section */
		7CA21EA62200584700FE3CF1 /* Debug */ = {
			isa = XCBuildConfiguration;
			buildSettings = {
				ALWAYS_SEARCH_USER_PATHS = NO;
				CLANG_ANALYZER_NONNULL = YES;
				CLANG_ANALYZER_NUMBER_OBJECT_CONVERSION = YES_AGGRESSIVE;
				CLANG_CXX_LANGUAGE_STANDARD = "gnu++14";
				CLANG_CXX_LIBRARY = "libc++";
				CLANG_ENABLE_MODULES = YES;
				CLANG_ENABLE_OBJC_ARC = YES;
				CLANG_ENABLE_OBJC_WEAK = YES;
				CLANG_WARN_BLOCK_CAPTURE_AUTORELEASING = YES;
				CLANG_WARN_BOOL_CONVERSION = YES;
				CLANG_WARN_COMMA = YES;
				CLANG_WARN_CONSTANT_CONVERSION = YES;
				CLANG_WARN_DEPRECATED_OBJC_IMPLEMENTATIONS = YES;
				CLANG_WARN_DIRECT_OBJC_ISA_USAGE = YES_ERROR;
				CLANG_WARN_DOCUMENTATION_COMMENTS = YES;
				CLANG_WARN_EMPTY_BODY = YES;
				CLANG_WARN_ENUM_CONVERSION = YES;
				CLANG_WARN_INFINITE_RECURSION = YES;
				CLANG_WARN_INT_CONVERSION = YES;
				CLANG_WARN_NON_LITERAL_NULL_CONVERSION = YES;
				CLANG_WARN_OBJC_IMPLICIT_RETAIN_SELF = YES;
				CLANG_WARN_OBJC_LITERAL_CONVERSION = YES;
				CLANG_WARN_OBJC_ROOT_CLASS = YES_ERROR;
				CLANG_WARN_RANGE_LOOP_ANALYSIS = YES;
				CLANG_WARN_STRICT_PROTOTYPES = YES;
				CLANG_WARN_SUSPICIOUS_MOVE = YES;
				CLANG_WARN_UNGUARDED_AVAILABILITY = YES_AGGRESSIVE;
				CLANG_WARN_UNREACHABLE_CODE = YES;
				CLANG_WARN__DUPLICATE_METHOD_MATCH = YES;
				CODE_SIGN_IDENTITY = "iPhone Developer";
				COPY_PHASE_STRIP = NO;
				DEBUG_INFORMATION_FORMAT = dwarf;
				ENABLE_STRICT_OBJC_MSGSEND = YES;
				ENABLE_TESTABILITY = YES;
				GCC_C_LANGUAGE_STANDARD = gnu11;
				GCC_DYNAMIC_NO_PIC = NO;
				GCC_NO_COMMON_BLOCKS = YES;
				GCC_OPTIMIZATION_LEVEL = 0;
				GCC_PREPROCESSOR_DEFINITIONS = (
					"DEBUG=1",
					"$(inherited)",
				);
				GCC_WARN_64_TO_32_BIT_CONVERSION = YES;
				GCC_WARN_ABOUT_RETURN_TYPE = YES_ERROR;
				GCC_WARN_UNDECLARED_SELECTOR = YES;
				GCC_WARN_UNINITIALIZED_AUTOS = YES_AGGRESSIVE;
				GCC_WARN_UNUSED_FUNCTION = YES;
				GCC_WARN_UNUSED_VARIABLE = YES;
				IPHONEOS_DEPLOYMENT_TARGET = 12.1;
				MTL_ENABLE_DEBUG_INFO = INCLUDE_SOURCE;
				MTL_FAST_MATH = YES;
				ONLY_ACTIVE_ARCH = YES;
				SDKROOT = iphoneos;
				SWIFT_ACTIVE_COMPILATION_CONDITIONS = DEBUG;
				SWIFT_OPTIMIZATION_LEVEL = "-Onone";
			};
			name = Debug;
		};
		7CA21EA72200584700FE3CF1 /* Release */ = {
			isa = XCBuildConfiguration;
			buildSettings = {
				ALWAYS_SEARCH_USER_PATHS = NO;
				CLANG_ANALYZER_NONNULL = YES;
				CLANG_ANALYZER_NUMBER_OBJECT_CONVERSION = YES_AGGRESSIVE;
				CLANG_CXX_LANGUAGE_STANDARD = "gnu++14";
				CLANG_CXX_LIBRARY = "libc++";
				CLANG_ENABLE_MODULES = YES;
				CLANG_ENABLE_OBJC_ARC = YES;
				CLANG_ENABLE_OBJC_WEAK = YES;
				CLANG_WARN_BLOCK_CAPTURE_AUTORELEASING = YES;
				CLANG_WARN_BOOL_CONVERSION = YES;
				CLANG_WARN_COMMA = YES;
				CLANG_WARN_CONSTANT_CONVERSION = YES;
				CLANG_WARN_DEPRECATED_OBJC_IMPLEMENTATIONS = YES;
				CLANG_WARN_DIRECT_OBJC_ISA_USAGE = YES_ERROR;
				CLANG_WARN_DOCUMENTATION_COMMENTS = YES;
				CLANG_WARN_EMPTY_BODY = YES;
				CLANG_WARN_ENUM_CONVERSION = YES;
				CLANG_WARN_INFINITE_RECURSION = YES;
				CLANG_WARN_INT_CONVERSION = YES;
				CLANG_WARN_NON_LITERAL_NULL_CONVERSION = YES;
				CLANG_WARN_OBJC_IMPLICIT_RETAIN_SELF = YES;
				CLANG_WARN_OBJC_LITERAL_CONVERSION = YES;
				CLANG_WARN_OBJC_ROOT_CLASS = YES_ERROR;
				CLANG_WARN_RANGE_LOOP_ANALYSIS = YES;
				CLANG_WARN_STRICT_PROTOTYPES = YES;
				CLANG_WARN_SUSPICIOUS_MOVE = YES;
				CLANG_WARN_UNGUARDED_AVAILABILITY = YES_AGGRESSIVE;
				CLANG_WARN_UNREACHABLE_CODE = YES;
				CLANG_WARN__DUPLICATE_METHOD_MATCH = YES;
				CODE_SIGN_IDENTITY = "iPhone Developer";
				COPY_PHASE_STRIP = NO;
				DEBUG_INFORMATION_FORMAT = "dwarf-with-dsym";
				ENABLE_NS_ASSERTIONS = NO;
				ENABLE_STRICT_OBJC_MSGSEND = YES;
				GCC_C_LANGUAGE_STANDARD = gnu11;
				GCC_NO_COMMON_BLOCKS = YES;
				GCC_WARN_64_TO_32_BIT_CONVERSION = YES;
				GCC_WARN_ABOUT_RETURN_TYPE = YES_ERROR;
				GCC_WARN_UNDECLARED_SELECTOR = YES;
				GCC_WARN_UNINITIALIZED_AUTOS = YES_AGGRESSIVE;
				GCC_WARN_UNUSED_FUNCTION = YES;
				GCC_WARN_UNUSED_VARIABLE = YES;
				IPHONEOS_DEPLOYMENT_TARGET = 12.1;
				MTL_ENABLE_DEBUG_INFO = NO;
				MTL_FAST_MATH = YES;
				SDKROOT = iphoneos;
				SWIFT_COMPILATION_MODE = wholemodule;
				SWIFT_OPTIMIZATION_LEVEL = "-O";
				VALIDATE_PRODUCT = YES;
			};
			name = Release;
		};
		7CA21EA92200584700FE3CF1 /* Debug */ = {
			isa = XCBuildConfiguration;
			baseConfigurationReference = 3DF8EE2D8379D42E9A28D91F /* Pods-MyDictionary.debug.xcconfig */;
			buildSettings = {
				ASSETCATALOG_COMPILER_APPICON_NAME = AppIcon;
				CODE_SIGN_STYLE = Automatic;
				DEVELOPMENT_TEAM = 7V52B5879P;
				INFOPLIST_FILE = MyDictionary/Info.plist;
				LD_RUNPATH_SEARCH_PATHS = (
					"$(inherited)",
					"@executable_path/Frameworks",
				);
				PRODUCT_BUNDLE_IDENTIFIER = clover4leaf.MyDictionary;
				PRODUCT_NAME = "$(TARGET_NAME)";
				SWIFT_VERSION = 5.0;
				TARGETED_DEVICE_FAMILY = "1,2";
			};
			name = Debug;
		};
		7CA21EAA2200584700FE3CF1 /* Release */ = {
			isa = XCBuildConfiguration;
			baseConfigurationReference = 227A735CFCC743FB2C56817D /* Pods-MyDictionary.release.xcconfig */;
			buildSettings = {
				ASSETCATALOG_COMPILER_APPICON_NAME = AppIcon;
				CODE_SIGN_STYLE = Automatic;
				DEVELOPMENT_TEAM = 7V52B5879P;
				INFOPLIST_FILE = MyDictionary/Info.plist;
				LD_RUNPATH_SEARCH_PATHS = (
					"$(inherited)",
					"@executable_path/Frameworks",
				);
				PRODUCT_BUNDLE_IDENTIFIER = clover4leaf.MyDictionary;
				PRODUCT_NAME = "$(TARGET_NAME)";
				SWIFT_VERSION = 5.0;
				TARGETED_DEVICE_FAMILY = "1,2";
			};
			name = Release;
		};
/* End XCBuildConfiguration section */

/* Begin XCConfigurationList section */
		7CA21E912200584600FE3CF1 /* Build configuration list for PBXProject "MyDictionary" */ = {
			isa = XCConfigurationList;
			buildConfigurations = (
				7CA21EA62200584700FE3CF1 /* Debug */,
				7CA21EA72200584700FE3CF1 /* Release */,
			);
			defaultConfigurationIsVisible = 0;
			defaultConfigurationName = Release;
		};
		7CA21EA82200584700FE3CF1 /* Build configuration list for PBXNativeTarget "MyDictionary" */ = {
			isa = XCConfigurationList;
			buildConfigurations = (
				7CA21EA92200584700FE3CF1 /* Debug */,
				7CA21EAA2200584700FE3CF1 /* Release */,
			);
			defaultConfigurationIsVisible = 0;
			defaultConfigurationName = Release;
		};
/* End XCConfigurationList section */
	};
	rootObject = 7CA21E8E2200584600FE3CF1 /* Project object */;
}
